
Microsoft Visual Studio Solution File, Format Version 12.00
# Visual Studio Version 17
VisualStudioVersion = 17.14.36109.1 d17.14
MinimumVisualStudioVersion = 10.0.40219.1
Project("{FAE04EC0-301F-11D3-BF4B-00C04F79EFBC}") = "Tamrin3-1", "Tamrin3-1\Tamrin3-1.csproj", "{091FCE1F-7F27-4621-ACD4-A9D878F67EBF}"
EndProject
Global
	GlobalSection(SolutionConfigurationPlatforms) = preSolution
		Debug|Any CPU = Debug|Any CPU
		Release|Any CPU = Release|Any CPU
	EndGlobalSection
	GlobalSection(ProjectConfigurationPlatforms) = postSolution
		{091FCE1F-7F27-4621-ACD4-A9D878F67EBF}.Debug|Any CPU.ActiveCfg = Debug|Any CPU
		{091FCE1F-7F27-4621-ACD4-A9D878F67EBF}.Debug|Any CPU.Build.0 = Debug|Any CPU
		{091FCE1F-7F27-4621-ACD4-A9D878F67EBF}.Release|Any CPU.ActiveCfg = Release|Any CPU
		{091FCE1F-7F27-4621-ACD4-A9D878F67EBF}.Release|Any CPU.Build.0 = Release|Any CPU
	EndGlobalSection
	GlobalSection(SolutionProperties) = preSolution
		HideSolutionNode = FALSE
	EndGlobalSection
	GlobalSection(ExtensibilityGlobals) = postSolution
		SolutionGuid = {A672851D-4CFC-418D-9BC6-1E0329F33019}
	EndGlobalSection
EndGlobal
