
Microsoft Visual Studio Solution File, Format Version 12.00
# Visual Studio Version 17
VisualStudioVersion = 17.14.36109.1 d17.14
MinimumVisualStudioVersion = 10.0.40219.1
Project("{FAE04EC0-301F-11D3-BF4B-00C04F79EFBC}") = "Tamrin4-2", "Tamrin4-2\Tamrin4-2.csproj", "{242DE93E-50CC-41AD-8E32-0F7D4C71A3E8}"
EndProject
Global
	GlobalSection(SolutionConfigurationPlatforms) = preSolution
		Debug|Any CPU = Debug|Any CPU
		Release|Any CPU = Release|Any CPU
	EndGlobalSection
	GlobalSection(ProjectConfigurationPlatforms) = postSolution
		{242DE93E-50CC-41AD-8E32-0F7D4C71A3E8}.Debug|Any CPU.ActiveCfg = Debug|Any CPU
		{242DE93E-50CC-41AD-8E32-0F7D4C71A3E8}.Debug|Any CPU.Build.0 = Debug|Any CPU
		{242DE93E-50CC-41AD-8E32-0F7D4C71A3E8}.Release|Any CPU.ActiveCfg = Release|Any CPU
		{242DE93E-50CC-41AD-8E32-0F7D4C71A3E8}.Release|Any CPU.Build.0 = Release|Any CPU
	EndGlobalSection
	GlobalSection(SolutionProperties) = preSolution
		HideSolutionNode = FALSE
	EndGlobalSection
	GlobalSection(ExtensibilityGlobals) = postSolution
		SolutionGuid = {FD507226-B1E3-4640-8279-3292A6475FB4}
	EndGlobalSection
EndGlobal
