
Microsoft Visual Studio Solution File, Format Version 12.00
# Visual Studio Version 17
VisualStudioVersion = 17.14.36109.1 d17.14
MinimumVisualStudioVersion = 10.0.40219.1
Project("{FAE04EC0-301F-11D3-BF4B-00C04F79EFBC}") = "Tamrin3-3", "Tamrin3-3\Tamrin3-3.csproj", "{0DCDD8F1-4D53-425A-BB54-F7D794A2EE19}"
EndProject
Global
	GlobalSection(SolutionConfigurationPlatforms) = preSolution
		Debug|Any CPU = Debug|Any CPU
		Release|Any CPU = Release|Any CPU
	EndGlobalSection
	GlobalSection(ProjectConfigurationPlatforms) = postSolution
		{0DCDD8F1-4D53-425A-BB54-F7D794A2EE19}.Debug|Any CPU.ActiveCfg = Debug|Any CPU
		{0DCDD8F1-4D53-425A-BB54-F7D794A2EE19}.Debug|Any CPU.Build.0 = Debug|Any CPU
		{0DCDD8F1-4D53-425A-BB54-F7D794A2EE19}.Release|Any CPU.ActiveCfg = Release|Any CPU
		{0DCDD8F1-4D53-425A-BB54-F7D794A2EE19}.Release|Any CPU.Build.0 = Release|Any CPU
	EndGlobalSection
	GlobalSection(SolutionProperties) = preSolution
		HideSolutionNode = FALSE
	EndGlobalSection
	GlobalSection(ExtensibilityGlobals) = postSolution
		SolutionGuid = {F5046A60-4CB5-408D-A657-3211E13D6DB3}
	EndGlobalSection
EndGlobal
